
Microsoft Visual Studio Solution File, Format Version 12.00
# Visual Studio Version 17
VisualStudioVersion = 17.11.35312.102
MinimumVisualStudioVersion = 10.0.40219.1
Project("{FAE04EC0-301F-11D3-BF4B-00C04F79EFBC}") = "ConvertingNumber", "ConvertingNumber\ConvertingNumber.csproj", "{AC53D627-2BB0-46F6-BDCC-D0740837FF39}"
EndProject
Global
	GlobalSection(SolutionConfigurationPlatforms) = preSolution
		Debug|Any CPU = Debug|Any CPU
		Release|Any CPU = Release|Any CPU
	EndGlobalSection
	GlobalSection(ProjectConfigurationPlatforms) = postSolution
		{AC53D627-2BB0-46F6-BDCC-D0740837FF39}.Debug|Any CPU.ActiveCfg = Debug|Any CPU
		{AC53D627-2BB0-46F6-BDCC-D0740837FF39}.Debug|Any CPU.Build.0 = Debug|Any CPU
		{AC53D627-2BB0-46F6-BDCC-D0740837FF39}.Release|Any CPU.ActiveCfg = Release|Any CPU
		{AC53D627-2BB0-46F6-BDCC-D0740837FF39}.Release|Any CPU.Build.0 = Release|Any CPU
	EndGlobalSection
	GlobalSection(SolutionProperties) = preSolution
		HideSolutionNode = FALSE
	EndGlobalSection
	GlobalSection(ExtensibilityGlobals) = postSolution
		SolutionGuid = {191A1731-56E6-4EE0-9995-298D4A4AFD61}
	EndGlobalSection
EndGlobal
